{
    "_readme": [
        "This file locks the dependencies of your project to a known state",
        "It has been auto-generated by Composer to ensure consistent installs."
    ],
    "content-hash": "6f29d0a7a6c733f9821eebf8b1a7d91f",
    "packages": [],
    "packages-dev": [],
    "platform": {
        "php": "8.0.0",
        "ext-mysqli": "*"
    },
    "platform-dev": [],
    "plugin-api-version": "2.2.0"
}
