{
    "_readme": [
        "This file locks the dependencies of your project to a known state",
        "Read more about it at https://getcomposer.org/doc/"
    ],
    "content-hash": "placeholder",
    "packages": [],
    "packages-dev": [],
    "platform": {
        "php": "8.4.0",
        "ext-mysqli": "*"
    },
    "platform-dev": [],
    "plugin-api-version": "2.2.0"
}
